
Microsoft Visual Studio Solution File, Format Version 12.00
# Visual Studio Version 17
VisualStudioVersion = 17.12.35514.174 d17.12
MinimumVisualStudioVersion = 10.0.40219.1
Project("{FAE04EC0-301F-11D3-BF4B-00C04F79EFBC}") = "1.SquareRoot", "5.1.ExceptionsHandling\1.SquareRoot.csproj", "{5D12A484-A408-4362-93C8-B7083E9B391E}"
EndProject
Project("{FAE04EC0-301F-11D3-BF4B-00C04F79EFBC}") = "2.EnterNumbers", "2.EnterNumbers\2.EnterNumbers.csproj", "{0715B5F4-35F6-4680-95FD-AA8864AFBD48}"
EndProject
Project("{FAE04EC0-301F-11D3-BF4B-00C04F79EFBC}") = "3.SumOfIntegers", "3.SumOfIntegers\3.SumOfIntegers.csproj", "{82207F04-0297-4760-B9DB-C0BE4CBA0EB5}"
EndProject
Global
	GlobalSection(SolutionConfigurationPlatforms) = preSolution
		Debug|Any CPU = Debug|Any CPU
		Release|Any CPU = Release|Any CPU
	EndGlobalSection
	GlobalSection(ProjectConfigurationPlatforms) = postSolution
		{5D12A484-A408-4362-93C8-B7083E9B391E}.Debug|Any CPU.ActiveCfg = Debug|Any CPU
		{5D12A484-A408-4362-93C8-B7083E9B391E}.Debug|Any CPU.Build.0 = Debug|Any CPU
		{5D12A484-A408-4362-93C8-B7083E9B391E}.Release|Any CPU.ActiveCfg = Release|Any CPU
		{5D12A484-A408-4362-93C8-B7083E9B391E}.Release|Any CPU.Build.0 = Release|Any CPU
		{0715B5F4-35F6-4680-95FD-AA8864AFBD48}.Debug|Any CPU.ActiveCfg = Debug|Any CPU
		{0715B5F4-35F6-4680-95FD-AA8864AFBD48}.Debug|Any CPU.Build.0 = Debug|Any CPU
		{0715B5F4-35F6-4680-95FD-AA8864AFBD48}.Release|Any CPU.ActiveCfg = Release|Any CPU
		{0715B5F4-35F6-4680-95FD-AA8864AFBD48}.Release|Any CPU.Build.0 = Release|Any CPU
		{82207F04-0297-4760-B9DB-C0BE4CBA0EB5}.Debug|Any CPU.ActiveCfg = Debug|Any CPU
		{82207F04-0297-4760-B9DB-C0BE4CBA0EB5}.Debug|Any CPU.Build.0 = Debug|Any CPU
		{82207F04-0297-4760-B9DB-C0BE4CBA0EB5}.Release|Any CPU.ActiveCfg = Release|Any CPU
		{82207F04-0297-4760-B9DB-C0BE4CBA0EB5}.Release|Any CPU.Build.0 = Release|Any CPU
	EndGlobalSection
	GlobalSection(SolutionProperties) = preSolution
		HideSolutionNode = FALSE
	EndGlobalSection
EndGlobal
